
Microsoft Visual Studio Solution File, Format Version 12.00
# Visual Studio Version 17
VisualStudioVersion = 17.8.34525.116
MinimumVisualStudioVersion = 10.0.40219.1
Project("{FAE04EC0-301F-11D3-BF4B-00C04F79EFBC}") = "Lab20", "Lab20\Lab20.csproj", "{7BB93B69-1291-4157-A275-6026C22912DD}"
EndProject
Global
	GlobalSection(SolutionConfigurationPlatforms) = preSolution
		Debug|Any CPU = Debug|Any CPU
		Release|Any CPU = Release|Any CPU
	EndGlobalSection
	GlobalSection(ProjectConfigurationPlatforms) = postSolution
		{7BB93B69-1291-4157-A275-6026C22912DD}.Debug|Any CPU.ActiveCfg = Debug|Any CPU
		{7BB93B69-1291-4157-A275-6026C22912DD}.Debug|Any CPU.Build.0 = Debug|Any CPU
		{7BB93B69-1291-4157-A275-6026C22912DD}.Release|Any CPU.ActiveCfg = Release|Any CPU
		{7BB93B69-1291-4157-A275-6026C22912DD}.Release|Any CPU.Build.0 = Release|Any CPU
	EndGlobalSection
	GlobalSection(SolutionProperties) = preSolution
		HideSolutionNode = FALSE
	EndGlobalSection
	GlobalSection(ExtensibilityGlobals) = postSolution
		SolutionGuid = {667DBE87-1A30-4832-A7C3-A540E609FA58}
	EndGlobalSection
EndGlobal
